
Microsoft Visual Studio Solution File, Format Version 12.00
# Visual Studio Version 16
VisualStudioVersion = 16.0.31624.102
MinimumVisualStudioVersion = 10.0.40219.1
Project("{FAE04EC0-301F-11D3-BF4B-00C04F79EFBC}") = "ContosoUniversity", "ContosoUniversity\ContosoUniversity.csproj", "{8426CD69-7635-439C-ADA1-8BC3FA88625D}"
EndProject
Global
	GlobalSection(SolutionConfigurationPlatforms) = preSolution
		Debug|Any CPU = Debug|Any CPU
		Release|Any CPU = Release|Any CPU
	EndGlobalSection
	GlobalSection(ProjectConfigurationPlatforms) = postSolution
		{8426CD69-7635-439C-ADA1-8BC3FA88625D}.Debug|Any CPU.ActiveCfg = Debug|Any CPU
		{8426CD69-7635-439C-ADA1-8BC3FA88625D}.Debug|Any CPU.Build.0 = Debug|Any CPU
		{8426CD69-7635-439C-ADA1-8BC3FA88625D}.Release|Any CPU.ActiveCfg = Release|Any CPU
		{8426CD69-7635-439C-ADA1-8BC3FA88625D}.Release|Any CPU.Build.0 = Release|Any CPU
	EndGlobalSection
	GlobalSection(SolutionProperties) = preSolution
		HideSolutionNode = FALSE
	EndGlobalSection
	GlobalSection(ExtensibilityGlobals) = postSolution
		SolutionGuid = {12D3AD15-6363-4E20-A8AE-A7F878628AC5}
	EndGlobalSection
EndGlobal
